github.com/PuloV/ics-golang v0.0.0-20190808201353-a3394d3bcade h1:odEkSCl2gLWPtvraEdCyBZbeYyMMTysWPLMurnB8sUY=
github.com/PuloV/ics-golang v0.0.0-20190808201353-a3394d3bcade/go.mod h1:f1P3hjG+t54/IrnXMnnw+gRmFCDR/ryj9xSQ7MPMkQw=
github.com/channelmeter/iso8601duration v0.0.0-20150204201828-8da3af7a2a61 h1:o64h9XF42kVEUuhuer2ehqrlX8rZmvQSU0+Vpj1rF6Q=
github.com/channelmeter/iso8601duration v0.0.0-20150204201828-8da3af7a2a61/go.mod h1:Rp8e0DCtEKwXFOC6JPJQVTz8tuGoGvw6Xfexggh/ed0=
github.com/gidsi/ics-golang v0.0.0-20190331185529-e95e328c4a08 h1:x57vmmjqLdRGv3bZQqoyzt4S08z5pTk/vkWaqXGnswI=
github.com/gidsi/ics-golang v0.0.0-20190331185529-e95e328c4a08/go.mod h1:oIDQdzzcgVLYQRfohyxBaOVr7pyfRydoPcEdVNXry4s=
github.com/gofrs/uuid v3.2.0+incompatible h1:y12jRkkFxsd7GpqdSZ+/KCs/fJbqpEXSGd4+jfEaewE=
github.com/gofrs/uuid v3.2.0+incompatible/go.mod h1:b2aQJv3Z4Fp6yNu3cdSllBxTCLRxnplIgP/c0N/04lM=
github.com/gorilla/mux v1.7.3 h1:gnP5JzjVOuiZD07fKKToCAOjS0yOpj/qPETTXCCS6hw=
github.com/gorilla/mux v1.7.3/go.mod h1:1lud6UwP+6orDFRuTfBEV8e9/aOM/c4fVVCaMa2zaAs=
github.com/robfig/cron v1.2.0 h1:ZjScXvvxeQ63Dbyxy76Fj3AT3Ut0aKsyd2/tl3DTMuQ=
github.com/robfig/cron v1.2.0/go.mod h1:JGuDeoQd7Z6yL4zQhZ3OPEVHB7fL6Ka6skscFHfmt2k=
github.com/robfig/cron/v3 v3.0.1/go.mod h1:eQICP3HwyT7UooqI/z+Ov+PtYAWygg1TEWWzGIFLtro=
gopkg.in/check.v1 v0.0.0-20161208181325-20d25e280405/go.mod h1:Co6ibVJAznAaIkqp8huTwlJQCZ016jof/cbN4VW5Yz0=
gopkg.in/mgo.v2 v2.0.0-20190816093944-a6b53ec6cb22 h1:VpOs+IwYnYBaFnrNAeB8UUWtL3vEUnzSCL1nVjPhqrw=
gopkg.in/mgo.v2 v2.0.0-20190816093944-a6b53ec6cb22/go.mod h1:yeKp02qBN3iKW1OzL3MGk2IdtZzaj7SFntXj72NppTA=
gopkg.in/yaml.v2 v2.2.8 h1:obN1ZagJSUGI0Ek/LBmuj4SNLPfIny3KsKFopxRdj10=
gopkg.in/yaml.v2 v2.2.8/go.mod h1:hI93XBmqTisBFMUTm0b8Fm+jr3Dg1NNxqwp+5A1VGuI=
